
Microsoft Visual Studio Solution File, Format Version 12.00
# Visual Studio 14
VisualStudioVersion = 14.0.25420.1
MinimumVisualStudioVersion = 10.0.40219.1
Project("{FAE04EC0-301F-11D3-BF4B-00C04F79EFBC}") = "Depots.DAL.Concrete", "Depots.Domain.Concrete\Depots.DAL.Concrete.csproj", "{41B4B80E-B127-4AAC-92F9-56497FD6AFC1}"
EndProject
Project("{FAE04EC0-301F-11D3-BF4B-00C04F79EFBC}") = "Depots.DAL.Interface", "Depots.Domain.Interface\Depots.DAL.Interface.csproj", "{38A96876-E6B3-432B-A03C-57A7F1355BD5}"
EndProject
Project("{FAE04EC0-301F-11D3-BF4B-00C04F79EFBC}") = "Depots.ORM", "Depots.ORM\Depots.ORM.csproj", "{53218D9A-F7A4-467B-B08C-EA3EE3583795}"
EndProject
Project("{FAE04EC0-301F-11D3-BF4B-00C04F79EFBC}") = "Depots.WebUI", "Depots.WebUI\Depots.WebUI.csproj", "{D2243D82-D07F-42EE-9889-5BFB2EEED93E}"
EndProject
Project("{FAE04EC0-301F-11D3-BF4B-00C04F79EFBC}") = "Depots.BLL.Interface", "Depots.BLL.Interface\Depots.BLL.Interface.csproj", "{A5AD4D2E-1F6D-4AF7-9794-DE176E22E839}"
EndProject
Project("{FAE04EC0-301F-11D3-BF4B-00C04F79EFBC}") = "Depots.BLL.Concrete", "Depots.BLL.Concrete\Depots.BLL.Concrete.csproj", "{30F2C4BA-0C18-4075-B340-B509235CED5D}"
EndProject
Project("{FAE04EC0-301F-11D3-BF4B-00C04F79EFBC}") = "Depots.Tests", "Depots.Tests\Depots.Tests.csproj", "{B9A16F44-BD62-4DBB-A9CE-48864AE24D2B}"
EndProject
Global
	GlobalSection(SolutionConfigurationPlatforms) = preSolution
		Debug|Any CPU = Debug|Any CPU
		Release|Any CPU = Release|Any CPU
	EndGlobalSection
	GlobalSection(ProjectConfigurationPlatforms) = postSolution
		{41B4B80E-B127-4AAC-92F9-56497FD6AFC1}.Debug|Any CPU.ActiveCfg = Debug|Any CPU
		{41B4B80E-B127-4AAC-92F9-56497FD6AFC1}.Debug|Any CPU.Build.0 = Debug|Any CPU
		{41B4B80E-B127-4AAC-92F9-56497FD6AFC1}.Release|Any CPU.ActiveCfg = Release|Any CPU
		{41B4B80E-B127-4AAC-92F9-56497FD6AFC1}.Release|Any CPU.Build.0 = Release|Any CPU
		{38A96876-E6B3-432B-A03C-57A7F1355BD5}.Debug|Any CPU.ActiveCfg = Debug|Any CPU
		{38A96876-E6B3-432B-A03C-57A7F1355BD5}.Debug|Any CPU.Build.0 = Debug|Any CPU
		{38A96876-E6B3-432B-A03C-57A7F1355BD5}.Release|Any CPU.ActiveCfg = Release|Any CPU
		{38A96876-E6B3-432B-A03C-57A7F1355BD5}.Release|Any CPU.Build.0 = Release|Any CPU
		{53218D9A-F7A4-467B-B08C-EA3EE3583795}.Debug|Any CPU.ActiveCfg = Debug|Any CPU
		{53218D9A-F7A4-467B-B08C-EA3EE3583795}.Debug|Any CPU.Build.0 = Debug|Any CPU
		{53218D9A-F7A4-467B-B08C-EA3EE3583795}.Release|Any CPU.ActiveCfg = Release|Any CPU
		{53218D9A-F7A4-467B-B08C-EA3EE3583795}.Release|Any CPU.Build.0 = Release|Any CPU
		{D2243D82-D07F-42EE-9889-5BFB2EEED93E}.Debug|Any CPU.ActiveCfg = Debug|Any CPU
		{D2243D82-D07F-42EE-9889-5BFB2EEED93E}.Debug|Any CPU.Build.0 = Debug|Any CPU
		{D2243D82-D07F-42EE-9889-5BFB2EEED93E}.Release|Any CPU.ActiveCfg = Release|Any CPU
		{D2243D82-D07F-42EE-9889-5BFB2EEED93E}.Release|Any CPU.Build.0 = Release|Any CPU
		{A5AD4D2E-1F6D-4AF7-9794-DE176E22E839}.Debug|Any CPU.ActiveCfg = Debug|Any CPU
		{A5AD4D2E-1F6D-4AF7-9794-DE176E22E839}.Debug|Any CPU.Build.0 = Debug|Any CPU
		{A5AD4D2E-1F6D-4AF7-9794-DE176E22E839}.Release|Any CPU.ActiveCfg = Release|Any CPU
		{A5AD4D2E-1F6D-4AF7-9794-DE176E22E839}.Release|Any CPU.Build.0 = Release|Any CPU
		{30F2C4BA-0C18-4075-B340-B509235CED5D}.Debug|Any CPU.ActiveCfg = Debug|Any CPU
		{30F2C4BA-0C18-4075-B340-B509235CED5D}.Debug|Any CPU.Build.0 = Debug|Any CPU
		{30F2C4BA-0C18-4075-B340-B509235CED5D}.Release|Any CPU.ActiveCfg = Release|Any CPU
		{30F2C4BA-0C18-4075-B340-B509235CED5D}.Release|Any CPU.Build.0 = Release|Any CPU
		{B9A16F44-BD62-4DBB-A9CE-48864AE24D2B}.Debug|Any CPU.ActiveCfg = Debug|Any CPU
		{B9A16F44-BD62-4DBB-A9CE-48864AE24D2B}.Debug|Any CPU.Build.0 = Debug|Any CPU
		{B9A16F44-BD62-4DBB-A9CE-48864AE24D2B}.Release|Any CPU.ActiveCfg = Release|Any CPU
		{B9A16F44-BD62-4DBB-A9CE-48864AE24D2B}.Release|Any CPU.Build.0 = Release|Any CPU
	EndGlobalSection
	GlobalSection(SolutionProperties) = preSolution
		HideSolutionNode = FALSE
	EndGlobalSection
EndGlobal
